
Microsoft Visual Studio Solution File, Format Version 12.00
# Visual Studio Version 16
VisualStudioVersion = 16.0.31729.503
MinimumVisualStudioVersion = 10.0.40219.1
Project("{FAE04EC0-301F-11D3-BF4B-00C04F79EFBC}") = "Laborator7_arrays", "Laborator7_arrays.csproj", "{EE210E46-9EDA-4512-AAD5-CE243AA8F413}"
EndProject
Global
	GlobalSection(SolutionConfigurationPlatforms) = preSolution
		Debug|Any CPU = Debug|Any CPU
		Release|Any CPU = Release|Any CPU
	EndGlobalSection
	GlobalSection(ProjectConfigurationPlatforms) = postSolution
		{EE210E46-9EDA-4512-AAD5-CE243AA8F413}.Debug|Any CPU.ActiveCfg = Debug|Any CPU
		{EE210E46-9EDA-4512-AAD5-CE243AA8F413}.Debug|Any CPU.Build.0 = Debug|Any CPU
		{EE210E46-9EDA-4512-AAD5-CE243AA8F413}.Release|Any CPU.ActiveCfg = Release|Any CPU
		{EE210E46-9EDA-4512-AAD5-CE243AA8F413}.Release|Any CPU.Build.0 = Release|Any CPU
	EndGlobalSection
	GlobalSection(SolutionProperties) = preSolution
		HideSolutionNode = FALSE
	EndGlobalSection
	GlobalSection(ExtensibilityGlobals) = postSolution
		SolutionGuid = {BA916ADF-8F00-404F-BD13-C7591159C0D6}
	EndGlobalSection
EndGlobal
