
Microsoft Visual Studio Solution File, Format Version 12.00
# Visual Studio Version 16
VisualStudioVersion = 16.0.31729.503
MinimumVisualStudioVersion = 10.0.40219.1
Project("{FAE04EC0-301F-11D3-BF4B-00C04F79EFBC}") = "Laborator7.1_Enums", "Laborator7.1_Enums.csproj", "{4CA80815-2F5F-4E3B-BC80-0C2EF9195C1C}"
EndProject
Global
	GlobalSection(SolutionConfigurationPlatforms) = preSolution
		Debug|Any CPU = Debug|Any CPU
		Release|Any CPU = Release|Any CPU
	EndGlobalSection
	GlobalSection(ProjectConfigurationPlatforms) = postSolution
		{4CA80815-2F5F-4E3B-BC80-0C2EF9195C1C}.Debug|Any CPU.ActiveCfg = Debug|Any CPU
		{4CA80815-2F5F-4E3B-BC80-0C2EF9195C1C}.Debug|Any CPU.Build.0 = Debug|Any CPU
		{4CA80815-2F5F-4E3B-BC80-0C2EF9195C1C}.Release|Any CPU.ActiveCfg = Release|Any CPU
		{4CA80815-2F5F-4E3B-BC80-0C2EF9195C1C}.Release|Any CPU.Build.0 = Release|Any CPU
	EndGlobalSection
	GlobalSection(SolutionProperties) = preSolution
		HideSolutionNode = FALSE
	EndGlobalSection
	GlobalSection(ExtensibilityGlobals) = postSolution
		SolutionGuid = {542C0CCA-97BC-4774-944A-9AEB4F3BE022}
	EndGlobalSection
EndGlobal
