
Microsoft Visual Studio Solution File, Format Version 12.00
# Visual Studio Version 16
VisualStudioVersion = 16.0.31729.503
MinimumVisualStudioVersion = 10.0.40219.1
Project("{FAE04EC0-301F-11D3-BF4B-00C04F79EFBC}") = "ConsoleApp1", "ConsoleApp1.csproj", "{A31D5BEC-7DF9-48FA-A17E-14560148894D}"
EndProject
Global
	GlobalSection(SolutionConfigurationPlatforms) = preSolution
		Debug|Any CPU = Debug|Any CPU
		Release|Any CPU = Release|Any CPU
	EndGlobalSection
	GlobalSection(ProjectConfigurationPlatforms) = postSolution
		{A31D5BEC-7DF9-48FA-A17E-14560148894D}.Debug|Any CPU.ActiveCfg = Debug|Any CPU
		{A31D5BEC-7DF9-48FA-A17E-14560148894D}.Debug|Any CPU.Build.0 = Debug|Any CPU
		{A31D5BEC-7DF9-48FA-A17E-14560148894D}.Release|Any CPU.ActiveCfg = Release|Any CPU
		{A31D5BEC-7DF9-48FA-A17E-14560148894D}.Release|Any CPU.Build.0 = Release|Any CPU
	EndGlobalSection
	GlobalSection(SolutionProperties) = preSolution
		HideSolutionNode = FALSE
	EndGlobalSection
	GlobalSection(ExtensibilityGlobals) = postSolution
		SolutionGuid = {32BB2D27-3E5C-439C-B457-C542160BDC49}
	EndGlobalSection
EndGlobal
